
Microsoft Visual Studio Solution File, Format Version 12.00
# Visual Studio Version 16
VisualStudioVersion = 16.0.31321.278
MinimumVisualStudioVersion = 10.0.40219.1
Project("{FAE04EC0-301F-11D3-BF4B-00C04F79EFBC}") = "PruebaTecnica", "PruebaTecnica.csproj", "{805FE2EB-1C4C-4917-96F3-EFD2F5A2A871}"
EndProject
Global
	GlobalSection(SolutionConfigurationPlatforms) = preSolution
		Debug|Any CPU = Debug|Any CPU
		Release|Any CPU = Release|Any CPU
	EndGlobalSection
	GlobalSection(ProjectConfigurationPlatforms) = postSolution
		{805FE2EB-1C4C-4917-96F3-EFD2F5A2A871}.Debug|Any CPU.ActiveCfg = Debug|Any CPU
		{805FE2EB-1C4C-4917-96F3-EFD2F5A2A871}.Debug|Any CPU.Build.0 = Debug|Any CPU
		{805FE2EB-1C4C-4917-96F3-EFD2F5A2A871}.Release|Any CPU.ActiveCfg = Release|Any CPU
		{805FE2EB-1C4C-4917-96F3-EFD2F5A2A871}.Release|Any CPU.Build.0 = Release|Any CPU
	EndGlobalSection
	GlobalSection(SolutionProperties) = preSolution
		HideSolutionNode = FALSE
	EndGlobalSection
	GlobalSection(ExtensibilityGlobals) = postSolution
		SolutionGuid = {F1CFA5F4-D69B-4A58-B04B-ADB5EA774218}
	EndGlobalSection
EndGlobal
